
Microsoft Visual Studio Solution File, Format Version 12.00
Project("{FAE04EC0-301F-11D3-BF4B-00C04F79EFBC}") = "DragonBattle", "DragonBattle\DragonBattle.csproj", "{D9B0AB42-2A64-42F6-8B8B-CE60CE17FC8C}"
EndProject
Project("{FAE04EC0-301F-11D3-BF4B-00C04F79EFBC}") = "DragonBattle.Core", "DragonBattle.Core\DragonBattle.Core.csproj", "{6B861070-7883-41EF-90A9-943AC8773371}"
EndProject
Project("{FAE04EC0-301F-11D3-BF4B-00C04F79EFBC}") = "DragonsSide.SocketClient", "DragonsSide.SocketClient\DragonsSide.SocketClient.csproj", "{81723571-133E-4EE2-A410-666CA600F07F}"
EndProject
Project("{FAE04EC0-301F-11D3-BF4B-00C04F79EFBC}") = "KnightsSide.SokectClient", "KnightsSide.SokectClient\KnightsSide.SokectClient.csproj", "{9CC2E861-4D33-4DFE-A2BD-966267457BA1}"
EndProject
Project("{FAE04EC0-301F-11D3-BF4B-00C04F79EFBC}") = "BattleLand.SocketServer", "BattleLand.SocketServer\BattleLand.SocketServer.csproj", "{393353D8-3932-4147-863A-3396B9912966}"
EndProject
Project("{FAE04EC0-301F-11D3-BF4B-00C04F79EFBC}") = "SocketsInfrastructure", "SocketsInfrastructure\SocketsInfrastructure.csproj", "{C0EA3B63-EB80-4332-9A91-E2350C791491}"
EndProject
Global
	GlobalSection(SolutionConfigurationPlatforms) = preSolution
		Debug|Any CPU = Debug|Any CPU
		Release|Any CPU = Release|Any CPU
	EndGlobalSection
	GlobalSection(ProjectConfigurationPlatforms) = postSolution
		{D9B0AB42-2A64-42F6-8B8B-CE60CE17FC8C}.Debug|Any CPU.ActiveCfg = Debug|Any CPU
		{D9B0AB42-2A64-42F6-8B8B-CE60CE17FC8C}.Debug|Any CPU.Build.0 = Debug|Any CPU
		{D9B0AB42-2A64-42F6-8B8B-CE60CE17FC8C}.Release|Any CPU.ActiveCfg = Release|Any CPU
		{D9B0AB42-2A64-42F6-8B8B-CE60CE17FC8C}.Release|Any CPU.Build.0 = Release|Any CPU
		{6B861070-7883-41EF-90A9-943AC8773371}.Debug|Any CPU.ActiveCfg = Debug|Any CPU
		{6B861070-7883-41EF-90A9-943AC8773371}.Debug|Any CPU.Build.0 = Debug|Any CPU
		{6B861070-7883-41EF-90A9-943AC8773371}.Release|Any CPU.ActiveCfg = Release|Any CPU
		{6B861070-7883-41EF-90A9-943AC8773371}.Release|Any CPU.Build.0 = Release|Any CPU
		{81723571-133E-4EE2-A410-666CA600F07F}.Debug|Any CPU.ActiveCfg = Debug|Any CPU
		{81723571-133E-4EE2-A410-666CA600F07F}.Debug|Any CPU.Build.0 = Debug|Any CPU
		{81723571-133E-4EE2-A410-666CA600F07F}.Release|Any CPU.ActiveCfg = Release|Any CPU
		{81723571-133E-4EE2-A410-666CA600F07F}.Release|Any CPU.Build.0 = Release|Any CPU
		{9CC2E861-4D33-4DFE-A2BD-966267457BA1}.Debug|Any CPU.ActiveCfg = Debug|Any CPU
		{9CC2E861-4D33-4DFE-A2BD-966267457BA1}.Debug|Any CPU.Build.0 = Debug|Any CPU
		{9CC2E861-4D33-4DFE-A2BD-966267457BA1}.Release|Any CPU.ActiveCfg = Release|Any CPU
		{9CC2E861-4D33-4DFE-A2BD-966267457BA1}.Release|Any CPU.Build.0 = Release|Any CPU
		{393353D8-3932-4147-863A-3396B9912966}.Debug|Any CPU.ActiveCfg = Debug|Any CPU
		{393353D8-3932-4147-863A-3396B9912966}.Debug|Any CPU.Build.0 = Debug|Any CPU
		{393353D8-3932-4147-863A-3396B9912966}.Release|Any CPU.ActiveCfg = Release|Any CPU
		{393353D8-3932-4147-863A-3396B9912966}.Release|Any CPU.Build.0 = Release|Any CPU
		{C0EA3B63-EB80-4332-9A91-E2350C791491}.Debug|Any CPU.ActiveCfg = Debug|Any CPU
		{C0EA3B63-EB80-4332-9A91-E2350C791491}.Debug|Any CPU.Build.0 = Debug|Any CPU
		{C0EA3B63-EB80-4332-9A91-E2350C791491}.Release|Any CPU.ActiveCfg = Release|Any CPU
		{C0EA3B63-EB80-4332-9A91-E2350C791491}.Release|Any CPU.Build.0 = Release|Any CPU
	EndGlobalSection
EndGlobal
