
Microsoft Visual Studio Solution File, Format Version 12.00
Project("{FAE04EC0-301F-11D3-BF4B-00C04F79EFBC}") = "DragonBattle", "DragonBattle\DragonBattle.csproj", "{D9B0AB42-2A64-42F6-8B8B-CE60CE17FC8C}"
EndProject
Project("{FAE04EC0-301F-11D3-BF4B-00C04F79EFBC}") = "DragonBattle.Core", "DragonBattle.Core\DragonBattle.Core.csproj", "{6B861070-7883-41EF-90A9-943AC8773371}"
EndProject
Global
	GlobalSection(SolutionConfigurationPlatforms) = preSolution
		Debug|Any CPU = Debug|Any CPU
		Release|Any CPU = Release|Any CPU
	EndGlobalSection
	GlobalSection(ProjectConfigurationPlatforms) = postSolution
		{D9B0AB42-2A64-42F6-8B8B-CE60CE17FC8C}.Debug|Any CPU.ActiveCfg = Debug|Any CPU
		{D9B0AB42-2A64-42F6-8B8B-CE60CE17FC8C}.Debug|Any CPU.Build.0 = Debug|Any CPU
		{D9B0AB42-2A64-42F6-8B8B-CE60CE17FC8C}.Release|Any CPU.ActiveCfg = Release|Any CPU
		{D9B0AB42-2A64-42F6-8B8B-CE60CE17FC8C}.Release|Any CPU.Build.0 = Release|Any CPU
		{6B861070-7883-41EF-90A9-943AC8773371}.Debug|Any CPU.ActiveCfg = Debug|Any CPU
		{6B861070-7883-41EF-90A9-943AC8773371}.Debug|Any CPU.Build.0 = Debug|Any CPU
		{6B861070-7883-41EF-90A9-943AC8773371}.Release|Any CPU.ActiveCfg = Release|Any CPU
		{6B861070-7883-41EF-90A9-943AC8773371}.Release|Any CPU.Build.0 = Release|Any CPU
	EndGlobalSection
EndGlobal
